
Microsoft Visual Studio Solution File, Format Version 12.00
# Visual Studio Version 17
VisualStudioVersion = 17.5.002.0
MinimumVisualStudioVersion = 10.0.40219.1
Project("{9A19103F-16F7-4668-BE54-9A1E7A4F7556}") = "firstconsoledemo", "firstconsoledemo.csproj", "{C5810562-A706-4B14-B621-8C74E1AE55CE}"
EndProject
Global
	GlobalSection(SolutionConfigurationPlatforms) = preSolution
		Debug|Any CPU = Debug|Any CPU
		Release|Any CPU = Release|Any CPU
	EndGlobalSection
	GlobalSection(ProjectConfigurationPlatforms) = postSolution
		{C5810562-A706-4B14-B621-8C74E1AE55CE}.Debug|Any CPU.ActiveCfg = Debug|Any CPU
		{C5810562-A706-4B14-B621-8C74E1AE55CE}.Debug|Any CPU.Build.0 = Debug|Any CPU
		{C5810562-A706-4B14-B621-8C74E1AE55CE}.Release|Any CPU.ActiveCfg = Release|Any CPU
		{C5810562-A706-4B14-B621-8C74E1AE55CE}.Release|Any CPU.Build.0 = Release|Any CPU
	EndGlobalSection
	GlobalSection(SolutionProperties) = preSolution
		HideSolutionNode = FALSE
	EndGlobalSection
	GlobalSection(ExtensibilityGlobals) = postSolution
		SolutionGuid = {D01F36C1-547B-4161-9069-89653132728F}
	EndGlobalSection
EndGlobal
